
Microsoft Visual Studio Solution File, Format Version 12.00
# Visual Studio Version 17
VisualStudioVersion = 17.2.32630.192
MinimumVisualStudioVersion = 10.0.40219.1
Project("{2150E333-8FDC-42A3-9474-1A3956D46DE8}") = "src", "src", "{38A3ACA4-2414-4616-B256-ED5CD39AF5A5}"
EndProject
Project("{2150E333-8FDC-42A3-9474-1A3956D46DE8}") = "Core", "Core", "{45205717-C346-4F1B-86D5-ECA47043A8D2}"
EndProject
Project("{2150E333-8FDC-42A3-9474-1A3956D46DE8}") = "Infrastructure", "Infrastructure", "{D499E53B-09FF-4A90-93C2-ED5C2DEECDCB}"
EndProject
Project("{2150E333-8FDC-42A3-9474-1A3956D46DE8}") = "WebAPI", "WebAPI", "{D120511B-1284-4677-A406-2CD5530BCBE7}"
EndProject
Project("{FAE04EC0-301F-11D3-BF4B-00C04F79EFBC}") = "ESISA.Core.Domain", "src\Core\ESISA.Core.Domain\ESISA.Core.Domain.csproj", "{D6044D87-3E87-48DF-A788-498828E75BD4}"
EndProject
Project("{FAE04EC0-301F-11D3-BF4B-00C04F79EFBC}") = "ESISA.Core.Application", "src\Core\ESISA.Core.Application\ESISA.Core.Application.csproj", "{ED5B8B09-FFD6-4590-AC1B-B7427D66C250}"
EndProject
Project("{FAE04EC0-301F-11D3-BF4B-00C04F79EFBC}") = "ESISA.Infrastructure", "src\Infrastructure\ESISA.Infrastructure\ESISA.Infrastructure.csproj", "{57068214-EF49-4623-9FDB-CD4543264033}"
EndProject
Project("{FAE04EC0-301F-11D3-BF4B-00C04F79EFBC}") = "ESISA.Infrastructure.Persistence", "src\Infrastructure\ESISA.Infrastructure.Persistence\ESISA.Infrastructure.Persistence.csproj", "{1E13309E-F79F-4F50-BF9D-E65DBD527278}"
EndProject
Project("{FAE04EC0-301F-11D3-BF4B-00C04F79EFBC}") = "ESISA.WebAPI", "src\WebAPI\ESISA.WebAPI\ESISA.WebAPI.csproj", "{4F30F986-1ADB-4166-AF51-C6957B528A7D}"
EndProject
Global
	GlobalSection(SolutionConfigurationPlatforms) = preSolution
		Debug|Any CPU = Debug|Any CPU
		Release|Any CPU = Release|Any CPU
	EndGlobalSection
	GlobalSection(ProjectConfigurationPlatforms) = postSolution
		{D6044D87-3E87-48DF-A788-498828E75BD4}.Debug|Any CPU.ActiveCfg = Debug|Any CPU
		{D6044D87-3E87-48DF-A788-498828E75BD4}.Debug|Any CPU.Build.0 = Debug|Any CPU
		{D6044D87-3E87-48DF-A788-498828E75BD4}.Release|Any CPU.ActiveCfg = Release|Any CPU
		{D6044D87-3E87-48DF-A788-498828E75BD4}.Release|Any CPU.Build.0 = Release|Any CPU
		{ED5B8B09-FFD6-4590-AC1B-B7427D66C250}.Debug|Any CPU.ActiveCfg = Debug|Any CPU
		{ED5B8B09-FFD6-4590-AC1B-B7427D66C250}.Debug|Any CPU.Build.0 = Debug|Any CPU
		{ED5B8B09-FFD6-4590-AC1B-B7427D66C250}.Release|Any CPU.ActiveCfg = Release|Any CPU
		{ED5B8B09-FFD6-4590-AC1B-B7427D66C250}.Release|Any CPU.Build.0 = Release|Any CPU
		{57068214-EF49-4623-9FDB-CD4543264033}.Debug|Any CPU.ActiveCfg = Debug|Any CPU
		{57068214-EF49-4623-9FDB-CD4543264033}.Debug|Any CPU.Build.0 = Debug|Any CPU
		{57068214-EF49-4623-9FDB-CD4543264033}.Release|Any CPU.ActiveCfg = Release|Any CPU
		{57068214-EF49-4623-9FDB-CD4543264033}.Release|Any CPU.Build.0 = Release|Any CPU
		{1E13309E-F79F-4F50-BF9D-E65DBD527278}.Debug|Any CPU.ActiveCfg = Debug|Any CPU
		{1E13309E-F79F-4F50-BF9D-E65DBD527278}.Debug|Any CPU.Build.0 = Debug|Any CPU
		{1E13309E-F79F-4F50-BF9D-E65DBD527278}.Release|Any CPU.ActiveCfg = Release|Any CPU
		{1E13309E-F79F-4F50-BF9D-E65DBD527278}.Release|Any CPU.Build.0 = Release|Any CPU
		{4F30F986-1ADB-4166-AF51-C6957B528A7D}.Debug|Any CPU.ActiveCfg = Debug|Any CPU
		{4F30F986-1ADB-4166-AF51-C6957B528A7D}.Debug|Any CPU.Build.0 = Debug|Any CPU
		{4F30F986-1ADB-4166-AF51-C6957B528A7D}.Release|Any CPU.ActiveCfg = Release|Any CPU
		{4F30F986-1ADB-4166-AF51-C6957B528A7D}.Release|Any CPU.Build.0 = Release|Any CPU
	EndGlobalSection
	GlobalSection(SolutionProperties) = preSolution
		HideSolutionNode = FALSE
	EndGlobalSection
	GlobalSection(NestedProjects) = preSolution
		{45205717-C346-4F1B-86D5-ECA47043A8D2} = {38A3ACA4-2414-4616-B256-ED5CD39AF5A5}
		{D499E53B-09FF-4A90-93C2-ED5C2DEECDCB} = {38A3ACA4-2414-4616-B256-ED5CD39AF5A5}
		{D120511B-1284-4677-A406-2CD5530BCBE7} = {38A3ACA4-2414-4616-B256-ED5CD39AF5A5}
		{D6044D87-3E87-48DF-A788-498828E75BD4} = {45205717-C346-4F1B-86D5-ECA47043A8D2}
		{ED5B8B09-FFD6-4590-AC1B-B7427D66C250} = {45205717-C346-4F1B-86D5-ECA47043A8D2}
		{57068214-EF49-4623-9FDB-CD4543264033} = {D499E53B-09FF-4A90-93C2-ED5C2DEECDCB}
		{1E13309E-F79F-4F50-BF9D-E65DBD527278} = {D499E53B-09FF-4A90-93C2-ED5C2DEECDCB}
		{4F30F986-1ADB-4166-AF51-C6957B528A7D} = {D120511B-1284-4677-A406-2CD5530BCBE7}
	EndGlobalSection
	GlobalSection(ExtensibilityGlobals) = postSolution
		SolutionGuid = {878E1419-7B4D-4057-881F-B583B9668459}
	EndGlobalSection
EndGlobal
